// !$*UTF8*$!
{
	archiveVersion = 1;
	classes = {
	};
	objectVersion = 56;
	objects = {

/* Begin PBXBuildFile section */
		A30117ED2A90E9E700E34766 /* BookmarkViewModel.swift in Sources */ = {isa = PBXBuildFile; fileRef = A30117EC2A90E9E700E34766 /* BookmarkViewModel.swift */; };
		A30117EF2A9146D200E34766 /* IdsModel.swift in Sources */ = {isa = PBXBuildFile; fileRef = A30117EE2A9146D200E34766 /* IdsModel.swift */; };
		A31837302A5045A00011810A /* LoginViewModel.swift in Sources */ = {isa = PBXBuildFile; fileRef = A318372F2A5045A00011810A /* LoginViewModel.swift */; };
		A31837342A504D340011810A /* CreateAccountViewModel.swift in Sources */ = {isa = PBXBuildFile; fileRef = A31837332A504D340011810A /* CreateAccountViewModel.swift */; };
		A31837362A507E000011810A /* ProfileViewModel.swift in Sources */ = {isa = PBXBuildFile; fileRef = A31837352A507E000011810A /* ProfileViewModel.swift */; };
		A31837382A51A5A30011810A /* StandardViewModel.swift in Sources */ = {isa = PBXBuildFile; fileRef = A31837372A51A5A30011810A /* StandardViewModel.swift */; };
		A318373A2A51B5D00011810A /* HomeViewModel.swift in Sources */ = {isa = PBXBuildFile; fileRef = A31837392A51B5D00011810A /* HomeViewModel.swift */; };
		A31837742A59728A0011810A /* NotesViewModel.swift in Sources */ = {isa = PBXBuildFile; fileRef = A31837732A59728A0011810A /* NotesViewModel.swift */; };
		A31837762A597C310011810A /* SubjectViewModel.swift in Sources */ = {isa = PBXBuildFile; fileRef = A31837752A597C310011810A /* SubjectViewModel.swift */; };
		A31837D72A5AB4710011810A /* StandardEntity+CoreDataClass.swift in Sources */ = {isa = PBXBuildFile; fileRef = A31837CF2A5AB4710011810A /* StandardEntity+CoreDataClass.swift */; };
		A31837D82A5AB4710011810A /* StandardEntity+CoreDataProperties.swift in Sources */ = {isa = PBXBuildFile; fileRef = A31837D02A5AB4710011810A /* StandardEntity+CoreDataProperties.swift */; };
		A31837D92A5AB4710011810A /* UsersEntity+CoreDataClass.swift in Sources */ = {isa = PBXBuildFile; fileRef = A31837D12A5AB4710011810A /* UsersEntity+CoreDataClass.swift */; };
		A31837DA2A5AB4710011810A /* UsersEntity+CoreDataProperties.swift in Sources */ = {isa = PBXBuildFile; fileRef = A31837D22A5AB4710011810A /* UsersEntity+CoreDataProperties.swift */; };
		A31837DB2A5AB4710011810A /* SubjectEntity+CoreDataClass.swift in Sources */ = {isa = PBXBuildFile; fileRef = A31837D32A5AB4710011810A /* SubjectEntity+CoreDataClass.swift */; };
		A31837DC2A5AB4710011810A /* SubjectEntity+CoreDataProperties.swift in Sources */ = {isa = PBXBuildFile; fileRef = A31837D42A5AB4710011810A /* SubjectEntity+CoreDataProperties.swift */; };
		A31837DD2A5AB4710011810A /* NotesEntity+CoreDataClass.swift in Sources */ = {isa = PBXBuildFile; fileRef = A31837D52A5AB4710011810A /* NotesEntity+CoreDataClass.swift */; };
		A31837DE2A5AB4710011810A /* NotesEntity+CoreDataProperties.swift in Sources */ = {isa = PBXBuildFile; fileRef = A31837D62A5AB4710011810A /* NotesEntity+CoreDataProperties.swift */; };
		A31837E02A5AD8340011810A /* ImagePicker.swift in Sources */ = {isa = PBXBuildFile; fileRef = A31837DF2A5AD8340011810A /* ImagePicker.swift */; };
		A344C7CD2A18F19700205657 /* LoginView.swift in Sources */ = {isa = PBXBuildFile; fileRef = A344C7CC2A18F19700205657 /* LoginView.swift */; };
		A344C7CF2A18FE1F00205657 /* login_gif.gif in Resources */ = {isa = PBXBuildFile; fileRef = A344C7CE2A18FE1F00205657 /* login_gif.gif */; };
		A344C7D12A18FE7600205657 /* GifImage.swift in Sources */ = {isa = PBXBuildFile; fileRef = A344C7D02A18FE7600205657 /* GifImage.swift */; };
		A344C7D32A1902B100205657 /* CreateAccountView.swift in Sources */ = {isa = PBXBuildFile; fileRef = A344C7D22A1902B100205657 /* CreateAccountView.swift */; };
		A344C7D52A19161400205657 /* HomeView.swift in Sources */ = {isa = PBXBuildFile; fileRef = A344C7D42A19161300205657 /* HomeView.swift */; };
		A344C7D72A1A0B2500205657 /* StandardView.swift in Sources */ = {isa = PBXBuildFile; fileRef = A344C7D62A1A0B2500205657 /* StandardView.swift */; };
		A34521E02A88DEFD00D2DD57 /* RemoteImage.swift in Sources */ = {isa = PBXBuildFile; fileRef = A34521DF2A88DEFD00D2DD57 /* RemoteImage.swift */; };
		A34C200E2A89065B00FCFCF5 /* Coders.swift in Sources */ = {isa = PBXBuildFile; fileRef = A34C200D2A89065B00FCFCF5 /* Coders.swift */; };
		A34D1E4F2A4359230090C0DE /* RatingView.swift in Sources */ = {isa = PBXBuildFile; fileRef = A34D1E4E2A4359230090C0DE /* RatingView.swift */; };
		A38A79E02A0A20780011CD8A /* TextBootcamp.swift in Sources */ = {isa = PBXBuildFile; fileRef = A38A79DF2A0A20780011CD8A /* TextBootcamp.swift */; };
		A38A79E22A0A26AE0011CD8A /* ShapesBootcamp.swift in Sources */ = {isa = PBXBuildFile; fileRef = A38A79E12A0A26AE0011CD8A /* ShapesBootcamp.swift */; };
		A38A79E42A0D36600011CD8A /* SplashView.swift in Sources */ = {isa = PBXBuildFile; fileRef = A38A79E32A0D365F0011CD8A /* SplashView.swift */; };
		A38A7A282A17D1550011CD8A /* Pacifico-Regular.ttf in Resources */ = {isa = PBXBuildFile; fileRef = A38A7A272A17D1550011CD8A /* Pacifico-Regular.ttf */; };
		A38A7A2B2A17D5B80011CD8A /* WelcomeView.swift in Sources */ = {isa = PBXBuildFile; fileRef = A38A7A2A2A17D5B80011CD8A /* WelcomeView.swift */; };
		A3931C992A6586D4009D5925 /* GoogleService-Info.plist in Resources */ = {isa = PBXBuildFile; fileRef = A3931C982A6586D4009D5925 /* GoogleService-Info.plist */; };
		A3931C9C2A6588F2009D5925 /* FirebaseAnalytics in Frameworks */ = {isa = PBXBuildFile; productRef = A3931C9B2A6588F2009D5925 /* FirebaseAnalytics */; };
		A3931C9E2A6588F2009D5925 /* FirebaseAnalyticsSwift in Frameworks */ = {isa = PBXBuildFile; productRef = A3931C9D2A6588F2009D5925 /* FirebaseAnalyticsSwift */; };
		A3931CA02A6588F2009D5925 /* FirebaseAuth in Frameworks */ = {isa = PBXBuildFile; productRef = A3931C9F2A6588F2009D5925 /* FirebaseAuth */; };
		A3931CA22A6588F2009D5925 /* FirebaseAuthCombine-Community in Frameworks */ = {isa = PBXBuildFile; productRef = A3931CA12A6588F2009D5925 /* FirebaseAuthCombine-Community */; };
		A3931CA42A6588F2009D5925 /* FirebaseCrashlytics in Frameworks */ = {isa = PBXBuildFile; productRef = A3931CA32A6588F2009D5925 /* FirebaseCrashlytics */; };
		A3931CA62A6588F2009D5925 /* FirebaseDatabase in Frameworks */ = {isa = PBXBuildFile; productRef = A3931CA52A6588F2009D5925 /* FirebaseDatabase */; };
		A3931CA82A6588F2009D5925 /* FirebaseDatabaseSwift in Frameworks */ = {isa = PBXBuildFile; productRef = A3931CA72A6588F2009D5925 /* FirebaseDatabaseSwift */; };
		A3931CAA2A6588F2009D5925 /* FirebaseFirestore in Frameworks */ = {isa = PBXBuildFile; productRef = A3931CA92A6588F2009D5925 /* FirebaseFirestore */; };
		A3931CAC2A6588F2009D5925 /* FirebaseFirestoreCombine-Community in Frameworks */ = {isa = PBXBuildFile; productRef = A3931CAB2A6588F2009D5925 /* FirebaseFirestoreCombine-Community */; };
		A3931CAE2A6588F2009D5925 /* FirebaseFirestoreSwift in Frameworks */ = {isa = PBXBuildFile; productRef = A3931CAD2A6588F2009D5925 /* FirebaseFirestoreSwift */; };
		A3931CB02A6588F2009D5925 /* FirebaseStorage in Frameworks */ = {isa = PBXBuildFile; productRef = A3931CAF2A6588F2009D5925 /* FirebaseStorage */; };
		A3931CB22A6588F2009D5925 /* FirebaseStorageCombine-Community in Frameworks */ = {isa = PBXBuildFile; productRef = A3931CB12A6588F2009D5925 /* FirebaseStorageCombine-Community */; };
		A3931CB42A658DFF009D5925 /* UserDataService.swift in Sources */ = {isa = PBXBuildFile; fileRef = A3931CB32A658DFF009D5925 /* UserDataService.swift */; };
		A3945AD52A6C0378004E87F4 /* UserModel.swift in Sources */ = {isa = PBXBuildFile; fileRef = A3945AD42A6C0378004E87F4 /* UserModel.swift */; };
		A3945AD72A6C2061004E87F4 /* HomeDataService.swift in Sources */ = {isa = PBXBuildFile; fileRef = A3945AD62A6C2061004E87F4 /* HomeDataService.swift */; };
		A3945AD92A6C3417004E87F4 /* StandardModel.swift in Sources */ = {isa = PBXBuildFile; fileRef = A3945AD82A6C3417004E87F4 /* StandardModel.swift */; };
		A3945ADB2A6D4C70004E87F4 /* SubjectModel.swift in Sources */ = {isa = PBXBuildFile; fileRef = A3945ADA2A6D4C70004E87F4 /* SubjectModel.swift */; };
		A3945ADD2A6D5D3B004E87F4 /* NoteModel.swift in Sources */ = {isa = PBXBuildFile; fileRef = A3945ADC2A6D5D3A004E87F4 /* NoteModel.swift */; };
		A3945ADF2A72C31B004E87F4 /* ReviewsDataService.swift in Sources */ = {isa = PBXBuildFile; fileRef = A3945ADE2A72C31A004E87F4 /* ReviewsDataService.swift */; };
		A3945AE12A72CCFF004E87F4 /* ReviewsViewModel.swift in Sources */ = {isa = PBXBuildFile; fileRef = A3945AE02A72CCFF004E87F4 /* ReviewsViewModel.swift */; };
		A3945AE32A742BFC004E87F4 /* ReviewModel.swift in Sources */ = {isa = PBXBuildFile; fileRef = A3945AE22A742BFB004E87F4 /* ReviewModel.swift */; };
		A3945AE52A751898004E87F4 /* RatingViewModel.swift in Sources */ = {isa = PBXBuildFile; fileRef = A3945AE42A751897004E87F4 /* RatingViewModel.swift */; };
		A3A011F72A36081D00F59BB6 /* ReviewsView.swift in Sources */ = {isa = PBXBuildFile; fileRef = A3A011F62A36081C00F59BB6 /* ReviewsView.swift */; };
		A3A011F92A361AC400F59BB6 /* NotesView.swift in Sources */ = {isa = PBXBuildFile; fileRef = A3A011F82A361AC400F59BB6 /* NotesView.swift */; };
		A3A26D2F2A1D140C005C9B1C /* SubjectView.swift in Sources */ = {isa = PBXBuildFile; fileRef = A3A26D2E2A1D140C005C9B1C /* SubjectView.swift */; };
		A3A26D332A1E66D4005C9B1C /* SettingsView.swift in Sources */ = {isa = PBXBuildFile; fileRef = A3A26D322A1E66D4005C9B1C /* SettingsView.swift */; };
		A3A26D352A210708005C9B1C /* TermsConditionView.swift in Sources */ = {isa = PBXBuildFile; fileRef = A3A26D342A210707005C9B1C /* TermsConditionView.swift */; };
		A3A26D372A210857005C9B1C /* AboutUsView.swift in Sources */ = {isa = PBXBuildFile; fileRef = A3A26D362A210857005C9B1C /* AboutUsView.swift */; };
		A3A26D392A2108D0005C9B1C /* ContactUsView.swift in Sources */ = {isa = PBXBuildFile; fileRef = A3A26D382A2108D0005C9B1C /* ContactUsView.swift */; };
		A3A26D3B2A211065005C9B1C /* BookmarkView.swift in Sources */ = {isa = PBXBuildFile; fileRef = A3A26D3A2A211065005C9B1C /* BookmarkView.swift */; };
		A3A26D3D2A211A52005C9B1C /* ProfileView.swift in Sources */ = {isa = PBXBuildFile; fileRef = A3A26D3C2A211A51005C9B1C /* ProfileView.swift */; };
		A3A26D3F2A2123B3005C9B1C /* NotesCommentsView.swift in Sources */ = {isa = PBXBuildFile; fileRef = A3A26D3E2A2123B3005C9B1C /* NotesCommentsView.swift */; };
		A3A26D412A212C09005C9B1C /* OTPTextField.swift in Sources */ = {isa = PBXBuildFile; fileRef = A3A26D402A212C09005C9B1C /* OTPTextField.swift */; };
		A3A4F50B2A7ABA9700873675 /* RatingModel.swift in Sources */ = {isa = PBXBuildFile; fileRef = A3A4F50A2A7ABA9700873675 /* RatingModel.swift */; };
		A3A4F50D2A7BFFBA00873675 /* NotesDataService.swift in Sources */ = {isa = PBXBuildFile; fileRef = A3A4F50C2A7BFFBA00873675 /* NotesDataService.swift */; };
		A3A4F50F2A7C00D300873675 /* LikeModel.swift in Sources */ = {isa = PBXBuildFile; fileRef = A3A4F50E2A7C00D300873675 /* LikeModel.swift */; };
		A3A4F5112A7C03C800873675 /* BookmarkModel.swift in Sources */ = {isa = PBXBuildFile; fileRef = A3A4F5102A7C03C800873675 /* BookmarkModel.swift */; };
		A3A4F5132A7FF03400873675 /* AccountSuccessView.swift in Sources */ = {isa = PBXBuildFile; fileRef = A3A4F5122A7FF03400873675 /* AccountSuccessView.swift */; };
		A3E4995A2A502C7E00CA4A8B /* SkillsWisp.xcdatamodeld in Sources */ = {isa = PBXBuildFile; fileRef = A3E499582A502C7E00CA4A8B /* SkillsWisp.xcdatamodeld */; };
		A3EF5E152A0938C60044C2A6 /* SkillsWispApp.swift in Sources */ = {isa = PBXBuildFile; fileRef = A3EF5E142A0938C60044C2A6 /* SkillsWispApp.swift */; };
		A3EF5E192A0938CA0044C2A6 /* Assets.xcassets in Resources */ = {isa = PBXBuildFile; fileRef = A3EF5E182A0938CA0044C2A6 /* Assets.xcassets */; };
		A3EF5E1C2A0938CA0044C2A6 /* Preview Assets.xcassets in Resources */ = {isa = PBXBuildFile; fileRef = A3EF5E1B2A0938CA0044C2A6 /* Preview Assets.xcassets */; };
		A3EF5E1E2A0938CA0044C2A6 /* Persistence.swift in Sources */ = {isa = PBXBuildFile; fileRef = A3EF5E1D2A0938CA0044C2A6 /* Persistence.swift */; };
		A3EF5E2B2A0938CB0044C2A6 /* SkillsWispTests.swift in Sources */ = {isa = PBXBuildFile; fileRef = A3EF5E2A2A0938CB0044C2A6 /* SkillsWispTests.swift */; };
		A3EF5E352A0938CB0044C2A6 /* SkillsWispUITests.swift in Sources */ = {isa = PBXBuildFile; fileRef = A3EF5E342A0938CB0044C2A6 /* SkillsWispUITests.swift */; };
		A3EF5E372A0938CB0044C2A6 /* SkillsWispUITestsLaunchTests.swift in Sources */ = {isa = PBXBuildFile; fileRef = A3EF5E362A0938CB0044C2A6 /* SkillsWispUITestsLaunchTests.swift */; };
/* End PBXBuildFile section */

/* Begin PBXContainerItemProxy section */
		A3EF5E272A0938CB0044C2A6 /* PBXContainerItemProxy */ = {
			isa = PBXContainerItemProxy;
			containerPortal = A3EF5E092A0938C60044C2A6 /* Project object */;
			proxyType = 1;
			remoteGlobalIDString = A3EF5E102A0938C60044C2A6;
			remoteInfo = SkillsWisp;
		};
		A3EF5E312A0938CB0044C2A6 /* PBXContainerItemProxy */ = {
			isa = PBXContainerItemProxy;
			containerPortal = A3EF5E092A0938C60044C2A6 /* Project object */;
			proxyType = 1;
			remoteGlobalIDString = A3EF5E102A0938C60044C2A6;
			remoteInfo = SkillsWisp;
		};
/* End PBXContainerItemProxy section */

/* Begin PBXFileReference section */
		A30117EC2A90E9E700E34766 /* BookmarkViewModel.swift */ = {isa = PBXFileReference; lastKnownFileType = sourcecode.swift; path = BookmarkViewModel.swift; sourceTree = "<group>"; };
		A30117EE2A9146D200E34766 /* IdsModel.swift */ = {isa = PBXFileReference; lastKnownFileType = sourcecode.swift; path = IdsModel.swift; sourceTree = "<group>"; };
		A318372F2A5045A00011810A /* LoginViewModel.swift */ = {isa = PBXFileReference; lastKnownFileType = sourcecode.swift; path = LoginViewModel.swift; sourceTree = "<group>"; };
		A31837332A504D340011810A /* CreateAccountViewModel.swift */ = {isa = PBXFileReference; lastKnownFileType = sourcecode.swift; path = CreateAccountViewModel.swift; sourceTree = "<group>"; };
		A31837352A507E000011810A /* ProfileViewModel.swift */ = {isa = PBXFileReference; lastKnownFileType = sourcecode.swift; path = ProfileViewModel.swift; sourceTree = "<group>"; };
		A31837372A51A5A30011810A /* StandardViewModel.swift */ = {isa = PBXFileReference; lastKnownFileType = sourcecode.swift; path = StandardViewModel.swift; sourceTree = "<group>"; };
		A31837392A51B5D00011810A /* HomeViewModel.swift */ = {isa = PBXFileReference; lastKnownFileType = sourcecode.swift; path = HomeViewModel.swift; sourceTree = "<group>"; };
		A31837732A59728A0011810A /* NotesViewModel.swift */ = {isa = PBXFileReference; lastKnownFileType = sourcecode.swift; path = NotesViewModel.swift; sourceTree = "<group>"; };
		A31837752A597C310011810A /* SubjectViewModel.swift */ = {isa = PBXFileReference; lastKnownFileType = sourcecode.swift; path = SubjectViewModel.swift; sourceTree = "<group>"; };
		A31837CF2A5AB4710011810A /* StandardEntity+CoreDataClass.swift */ = {isa = PBXFileReference; lastKnownFileType = sourcecode.swift; path = "StandardEntity+CoreDataClass.swift"; sourceTree = "<group>"; };
		A31837D02A5AB4710011810A /* StandardEntity+CoreDataProperties.swift */ = {isa = PBXFileReference; lastKnownFileType = sourcecode.swift; path = "StandardEntity+CoreDataProperties.swift"; sourceTree = "<group>"; };
		A31837D12A5AB4710011810A /* UsersEntity+CoreDataClass.swift */ = {isa = PBXFileReference; lastKnownFileType = sourcecode.swift; path = "UsersEntity+CoreDataClass.swift"; sourceTree = "<group>"; };
		A31837D22A5AB4710011810A /* UsersEntity+CoreDataProperties.swift */ = {isa = PBXFileReference; lastKnownFileType = sourcecode.swift; path = "UsersEntity+CoreDataProperties.swift"; sourceTree = "<group>"; };
		A31837D32A5AB4710011810A /* SubjectEntity+CoreDataClass.swift */ = {isa = PBXFileReference; lastKnownFileType = sourcecode.swift; path = "SubjectEntity+CoreDataClass.swift"; sourceTree = "<group>"; };
		A31837D42A5AB4710011810A /* SubjectEntity+CoreDataProperties.swift */ = {isa = PBXFileReference; lastKnownFileType = sourcecode.swift; path = "SubjectEntity+CoreDataProperties.swift"; sourceTree = "<group>"; };
		A31837D52A5AB4710011810A /* NotesEntity+CoreDataClass.swift */ = {isa = PBXFileReference; lastKnownFileType = sourcecode.swift; path = "NotesEntity+CoreDataClass.swift"; sourceTree = "<group>"; };
		A31837D62A5AB4710011810A /* NotesEntity+CoreDataProperties.swift */ = {isa = PBXFileReference; lastKnownFileType = sourcecode.swift; path = "NotesEntity+CoreDataProperties.swift"; sourceTree = "<group>"; };
		A31837DF2A5AD8340011810A /* ImagePicker.swift */ = {isa = PBXFileReference; lastKnownFileType = sourcecode.swift; path = ImagePicker.swift; sourceTree = "<group>"; };
		A344C7CC2A18F19700205657 /* LoginView.swift */ = {isa = PBXFileReference; lastKnownFileType = sourcecode.swift; path = LoginView.swift; sourceTree = "<group>"; };
		A344C7CE2A18FE1F00205657 /* login_gif.gif */ = {isa = PBXFileReference; lastKnownFileType = image.gif; path = login_gif.gif; sourceTree = "<group>"; };
		A344C7D02A18FE7600205657 /* GifImage.swift */ = {isa = PBXFileReference; lastKnownFileType = sourcecode.swift; path = GifImage.swift; sourceTree = "<group>"; };
		A344C7D22A1902B100205657 /* CreateAccountView.swift */ = {isa = PBXFileReference; lastKnownFileType = sourcecode.swift; path = CreateAccountView.swift; sourceTree = "<group>"; };
		A344C7D42A19161300205657 /* HomeView.swift */ = {isa = PBXFileReference; lastKnownFileType = sourcecode.swift; path = HomeView.swift; sourceTree = "<group>"; };
		A344C7D62A1A0B2500205657 /* StandardView.swift */ = {isa = PBXFileReference; lastKnownFileType = sourcecode.swift; path = StandardView.swift; sourceTree = "<group>"; };
		A34521DF2A88DEFD00D2DD57 /* RemoteImage.swift */ = {isa = PBXFileReference; lastKnownFileType = sourcecode.swift; path = RemoteImage.swift; sourceTree = "<group>"; };
		A34C200D2A89065B00FCFCF5 /* Coders.swift */ = {isa = PBXFileReference; lastKnownFileType = sourcecode.swift; path = Coders.swift; sourceTree = "<group>"; };
		A34D1E4E2A4359230090C0DE /* RatingView.swift */ = {isa = PBXFileReference; lastKnownFileType = sourcecode.swift; path = RatingView.swift; sourceTree = "<group>"; };
		A38A79DF2A0A20780011CD8A /* TextBootcamp.swift */ = {isa = PBXFileReference; lastKnownFileType = sourcecode.swift; path = TextBootcamp.swift; sourceTree = "<group>"; };
		A38A79E12A0A26AE0011CD8A /* ShapesBootcamp.swift */ = {isa = PBXFileReference; lastKnownFileType = sourcecode.swift; path = ShapesBootcamp.swift; sourceTree = "<group>"; };
		A38A79E32A0D365F0011CD8A /* SplashView.swift */ = {isa = PBXFileReference; lastKnownFileType = sourcecode.swift; path = SplashView.swift; sourceTree = "<group>"; };
		A38A7A272A17D1550011CD8A /* Pacifico-Regular.ttf */ = {isa = PBXFileReference; lastKnownFileType = file; path = "Pacifico-Regular.ttf"; sourceTree = "<group>"; };
		A38A7A292A17D2B20011CD8A /* Info.plist */ = {isa = PBXFileReference; lastKnownFileType = text.plist; path = Info.plist; sourceTree = "<group>"; };
		A38A7A2A2A17D5B80011CD8A /* WelcomeView.swift */ = {isa = PBXFileReference; lastKnownFileType = sourcecode.swift; path = WelcomeView.swift; sourceTree = "<group>"; };
		A3931C982A6586D4009D5925 /* GoogleService-Info.plist */ = {isa = PBXFileReference; fileEncoding = 4; lastKnownFileType = text.plist.xml; path = "GoogleService-Info.plist"; sourceTree = "<group>"; };
		A3931CB32A658DFF009D5925 /* UserDataService.swift */ = {isa = PBXFileReference; lastKnownFileType = sourcecode.swift; path = UserDataService.swift; sourceTree = "<group>"; };
		A3945AD42A6C0378004E87F4 /* UserModel.swift */ = {isa = PBXFileReference; lastKnownFileType = sourcecode.swift; path = UserModel.swift; sourceTree = "<group>"; };
		A3945AD62A6C2061004E87F4 /* HomeDataService.swift */ = {isa = PBXFileReference; lastKnownFileType = sourcecode.swift; path = HomeDataService.swift; sourceTree = "<group>"; };
		A3945AD82A6C3417004E87F4 /* StandardModel.swift */ = {isa = PBXFileReference; lastKnownFileType = sourcecode.swift; path = StandardModel.swift; sourceTree = "<group>"; };
		A3945ADA2A6D4C70004E87F4 /* SubjectModel.swift */ = {isa = PBXFileReference; lastKnownFileType = sourcecode.swift; path = SubjectModel.swift; sourceTree = "<group>"; };
		A3945ADC2A6D5D3A004E87F4 /* NoteModel.swift */ = {isa = PBXFileReference; lastKnownFileType = sourcecode.swift; path = NoteModel.swift; sourceTree = "<group>"; };
		A3945ADE2A72C31A004E87F4 /* ReviewsDataService.swift */ = {isa = PBXFileReference; lastKnownFileType = sourcecode.swift; path = ReviewsDataService.swift; sourceTree = "<group>"; };
		A3945AE02A72CCFF004E87F4 /* ReviewsViewModel.swift */ = {isa = PBXFileReference; lastKnownFileType = sourcecode.swift; path = ReviewsViewModel.swift; sourceTree = "<group>"; };
		A3945AE22A742BFB004E87F4 /* ReviewModel.swift */ = {isa = PBXFileReference; lastKnownFileType = sourcecode.swift; path = ReviewModel.swift; sourceTree = "<group>"; };
		A3945AE42A751897004E87F4 /* RatingViewModel.swift */ = {isa = PBXFileReference; lastKnownFileType = sourcecode.swift; path = RatingViewModel.swift; sourceTree = "<group>"; };
		A3A011F62A36081C00F59BB6 /* ReviewsView.swift */ = {isa = PBXFileReference; lastKnownFileType = sourcecode.swift; path = ReviewsView.swift; sourceTree = "<group>"; };
		A3A011F82A361AC400F59BB6 /* NotesView.swift */ = {isa = PBXFileReference; lastKnownFileType = sourcecode.swift; path = NotesView.swift; sourceTree = "<group>"; };
		A3A26D2E2A1D140C005C9B1C /* SubjectView.swift */ = {isa = PBXFileReference; lastKnownFileType = sourcecode.swift; path = SubjectView.swift; sourceTree = "<group>"; };
		A3A26D322A1E66D4005C9B1C /* SettingsView.swift */ = {isa = PBXFileReference; lastKnownFileType = sourcecode.swift; path = SettingsView.swift; sourceTree = "<group>"; };
		A3A26D342A210707005C9B1C /* TermsConditionView.swift */ = {isa = PBXFileReference; lastKnownFileType = sourcecode.swift; path = TermsConditionView.swift; sourceTree = "<group>"; };
		A3A26D362A210857005C9B1C /* AboutUsView.swift */ = {isa = PBXFileReference; lastKnownFileType = sourcecode.swift; path = AboutUsView.swift; sourceTree = "<group>"; };
		A3A26D382A2108D0005C9B1C /* ContactUsView.swift */ = {isa = PBXFileReference; lastKnownFileType = sourcecode.swift; path = ContactUsView.swift; sourceTree = "<group>"; };
		A3A26D3A2A211065005C9B1C /* BookmarkView.swift */ = {isa = PBXFileReference; lastKnownFileType = sourcecode.swift; path = BookmarkView.swift; sourceTree = "<group>"; };
		A3A26D3C2A211A51005C9B1C /* ProfileView.swift */ = {isa = PBXFileReference; lastKnownFileType = sourcecode.swift; path = ProfileView.swift; sourceTree = "<group>"; };
		A3A26D3E2A2123B3005C9B1C /* NotesCommentsView.swift */ = {isa = PBXFileReference; lastKnownFileType = sourcecode.swift; path = NotesCommentsView.swift; sourceTree = "<group>"; };
		A3A26D402A212C09005C9B1C /* OTPTextField.swift */ = {isa = PBXFileReference; lastKnownFileType = sourcecode.swift; path = OTPTextField.swift; sourceTree = "<group>"; };
		A3A4F50A2A7ABA9700873675 /* RatingModel.swift */ = {isa = PBXFileReference; lastKnownFileType = sourcecode.swift; path = RatingModel.swift; sourceTree = "<group>"; };
		A3A4F50C2A7BFFBA00873675 /* NotesDataService.swift */ = {isa = PBXFileReference; lastKnownFileType = sourcecode.swift; path = NotesDataService.swift; sourceTree = "<group>"; };
		A3A4F50E2A7C00D300873675 /* LikeModel.swift */ = {isa = PBXFileReference; lastKnownFileType = sourcecode.swift; path = LikeModel.swift; sourceTree = "<group>"; };
		A3A4F5102A7C03C800873675 /* BookmarkModel.swift */ = {isa = PBXFileReference; lastKnownFileType = sourcecode.swift; path = BookmarkModel.swift; sourceTree = "<group>"; };
		A3A4F5122A7FF03400873675 /* AccountSuccessView.swift */ = {isa = PBXFileReference; lastKnownFileType = sourcecode.swift; path = AccountSuccessView.swift; sourceTree = "<group>"; };
		A3E499592A502C7E00CA4A8B /* SkillsWisp.xcdatamodel */ = {isa = PBXFileReference; lastKnownFileType = wrapper.xcdatamodel; path = SkillsWisp.xcdatamodel; sourceTree = "<group>"; };
		A3EF5E112A0938C60044C2A6 /* SkillsWisp.app */ = {isa = PBXFileReference; explicitFileType = wrapper.application; includeInIndex = 0; path = SkillsWisp.app; sourceTree = BUILT_PRODUCTS_DIR; };
		A3EF5E142A0938C60044C2A6 /* SkillsWispApp.swift */ = {isa = PBXFileReference; lastKnownFileType = sourcecode.swift; path = SkillsWispApp.swift; sourceTree = "<group>"; };
		A3EF5E182A0938CA0044C2A6 /* Assets.xcassets */ = {isa = PBXFileReference; lastKnownFileType = folder.assetcatalog; path = Assets.xcassets; sourceTree = "<group>"; };
		A3EF5E1B2A0938CA0044C2A6 /* Preview Assets.xcassets */ = {isa = PBXFileReference; lastKnownFileType = folder.assetcatalog; path = "Preview Assets.xcassets"; sourceTree = "<group>"; };
		A3EF5E1D2A0938CA0044C2A6 /* Persistence.swift */ = {isa = PBXFileReference; lastKnownFileType = sourcecode.swift; path = Persistence.swift; sourceTree = "<group>"; };
		A3EF5E262A0938CB0044C2A6 /* SkillsWispTests.xctest */ = {isa = PBXFileReference; explicitFileType = wrapper.cfbundle; includeInIndex = 0; path = SkillsWispTests.xctest; sourceTree = BUILT_PRODUCTS_DIR; };
		A3EF5E2A2A0938CB0044C2A6 /* SkillsWispTests.swift */ = {isa = PBXFileReference; lastKnownFileType = sourcecode.swift; path = SkillsWispTests.swift; sourceTree = "<group>"; };
		A3EF5E302A0938CB0044C2A6 /* SkillsWispUITests.xctest */ = {isa = PBXFileReference; explicitFileType = wrapper.cfbundle; includeInIndex = 0; path = SkillsWispUITests.xctest; sourceTree = BUILT_PRODUCTS_DIR; };
		A3EF5E342A0938CB0044C2A6 /* SkillsWispUITests.swift */ = {isa = PBXFileReference; lastKnownFileType = sourcecode.swift; path = SkillsWispUITests.swift; sourceTree = "<group>"; };
		A3EF5E362A0938CB0044C2A6 /* SkillsWispUITestsLaunchTests.swift */ = {isa = PBXFileReference; lastKnownFileType = sourcecode.swift; path = SkillsWispUITestsLaunchTests.swift; sourceTree = "<group>"; };
/* End PBXFileReference section */

/* Begin PBXFrameworksBuildPhase section */
		A3EF5E0E2A0938C60044C2A6 /* Frameworks */ = {
			isa = PBXFrameworksBuildPhase;
			buildActionMask = 2147483647;
			files = (
				A3931CA82A6588F2009D5925 /* FirebaseDatabaseSwift in Frameworks */,
				A3931CA62A6588F2009D5925 /* FirebaseDatabase in Frameworks */,
				A3931C9E2A6588F2009D5925 /* FirebaseAnalyticsSwift in Frameworks */,
				A3931CAC2A6588F2009D5925 /* FirebaseFirestoreCombine-Community in Frameworks */,
				A3931CA02A6588F2009D5925 /* FirebaseAuth in Frameworks */,
				A3931CAE2A6588F2009D5925 /* FirebaseFirestoreSwift in Frameworks */,
				A3931CA42A6588F2009D5925 /* FirebaseCrashlytics in Frameworks */,
				A3931CAA2A6588F2009D5925 /* FirebaseFirestore in Frameworks */,
				A3931CB02A6588F2009D5925 /* FirebaseStorage in Frameworks */,
				A3931C9C2A6588F2009D5925 /* FirebaseAnalytics in Frameworks */,
				A3931CB22A6588F2009D5925 /* FirebaseStorageCombine-Community in Frameworks */,
				A3931CA22A6588F2009D5925 /* FirebaseAuthCombine-Community in Frameworks */,
			);
			runOnlyForDeploymentPostprocessing = 0;
		};
		A3EF5E232A0938CB0044C2A6 /* Frameworks */ = {
			isa = PBXFrameworksBuildPhase;
			buildActionMask = 2147483647;
			files = (
			);
			runOnlyForDeploymentPostprocessing = 0;
		};
		A3EF5E2D2A0938CB0044C2A6 /* Frameworks */ = {
			isa = PBXFrameworksBuildPhase;
			buildActionMask = 2147483647;
			files = (
			);
			runOnlyForDeploymentPostprocessing = 0;
		};
/* End PBXFrameworksBuildPhase section */

/* Begin PBXGroup section */
		A318372E2A50457B0011810A /* ViewModels */ = {
			isa = PBXGroup;
			children = (
				A318372F2A5045A00011810A /* LoginViewModel.swift */,
				A31837332A504D340011810A /* CreateAccountViewModel.swift */,
				A31837352A507E000011810A /* ProfileViewModel.swift */,
				A31837372A51A5A30011810A /* StandardViewModel.swift */,
				A31837392A51B5D00011810A /* HomeViewModel.swift */,
				A31837732A59728A0011810A /* NotesViewModel.swift */,
				A31837752A597C310011810A /* SubjectViewModel.swift */,
				A3945AE02A72CCFF004E87F4 /* ReviewsViewModel.swift */,
				A3945AE42A751897004E87F4 /* RatingViewModel.swift */,
				A30117EC2A90E9E700E34766 /* BookmarkViewModel.swift */,
			);
			path = ViewModels;
			sourceTree = "<group>";
		};
		A38A7A262A17D13B0011CD8A /* Fonts */ = {
			isa = PBXGroup;
			children = (
				A38A7A272A17D1550011CD8A /* Pacifico-Regular.ttf */,
			);
			path = Fonts;
			sourceTree = "<group>";
		};
		A3931CB72A66ECE7009D5925 /* Frameworks */ = {
			isa = PBXGroup;
			children = (
			);
			name = Frameworks;
			sourceTree = "<group>";
		};
		A3945AD12A6C008C004E87F4 /* DataServices */ = {
			isa = PBXGroup;
			children = (
				A3931CB32A658DFF009D5925 /* UserDataService.swift */,
				A3945AD62A6C2061004E87F4 /* HomeDataService.swift */,
				A3945ADE2A72C31A004E87F4 /* ReviewsDataService.swift */,
				A3A4F50C2A7BFFBA00873675 /* NotesDataService.swift */,
			);
			path = DataServices;
			sourceTree = "<group>";
		};
		A3E499572A47133200CA4A8B /* Utils */ = {
			isa = PBXGroup;
			children = (
				A344C7D02A18FE7600205657 /* GifImage.swift */,
				A3A26D402A212C09005C9B1C /* OTPTextField.swift */,
				A31837DF2A5AD8340011810A /* ImagePicker.swift */,
				A34521DF2A88DEFD00D2DD57 /* RemoteImage.swift */,
				A34C200D2A89065B00FCFCF5 /* Coders.swift */,
			);
			path = Utils;
			sourceTree = "<group>";
		};
		A3EF5E082A0938C60044C2A6 = {
			isa = PBXGroup;
			children = (
				A3EF5E132A0938C60044C2A6 /* SkillsWisp */,
				A3EF5E292A0938CB0044C2A6 /* SkillsWispTests */,
				A3EF5E332A0938CB0044C2A6 /* SkillsWispUITests */,
				A3EF5E122A0938C60044C2A6 /* Products */,
				A3931CB72A66ECE7009D5925 /* Frameworks */,
			);
			sourceTree = "<group>";
		};
		A3EF5E122A0938C60044C2A6 /* Products */ = {
			isa = PBXGroup;
			children = (
				A3EF5E112A0938C60044C2A6 /* SkillsWisp.app */,
				A3EF5E262A0938CB0044C2A6 /* SkillsWispTests.xctest */,
				A3EF5E302A0938CB0044C2A6 /* SkillsWispUITests.xctest */,
			);
			name = Products;
			sourceTree = "<group>";
		};
		A3EF5E132A0938C60044C2A6 /* SkillsWisp */ = {
			isa = PBXGroup;
			children = (
				A3E499572A47133200CA4A8B /* Utils */,
				A3945AD12A6C008C004E87F4 /* DataServices */,
				A3F8FF272A2B2E5D0080DD82 /* Models */,
				A3F8FF242A2B2DAE0080DD82 /* Views */,
				A318372E2A50457B0011810A /* ViewModels */,
				A344C7CE2A18FE1F00205657 /* login_gif.gif */,
				A38A7A292A17D2B20011CD8A /* Info.plist */,
				A3931C982A6586D4009D5925 /* GoogleService-Info.plist */,
				A38A7A262A17D13B0011CD8A /* Fonts */,
				A3EF5E142A0938C60044C2A6 /* SkillsWispApp.swift */,
				A38A79DF2A0A20780011CD8A /* TextBootcamp.swift */,
				A3EF5E182A0938CA0044C2A6 /* Assets.xcassets */,
				A3E499582A502C7E00CA4A8B /* SkillsWisp.xcdatamodeld */,
				A3EF5E1D2A0938CA0044C2A6 /* Persistence.swift */,
				A3EF5E1A2A0938CA0044C2A6 /* Preview Content */,
				A38A79E12A0A26AE0011CD8A /* ShapesBootcamp.swift */,
			);
			path = SkillsWisp;
			sourceTree = "<group>";
		};
		A3EF5E1A2A0938CA0044C2A6 /* Preview Content */ = {
			isa = PBXGroup;
			children = (
				A3EF5E1B2A0938CA0044C2A6 /* Preview Assets.xcassets */,
			);
			path = "Preview Content";
			sourceTree = "<group>";
		};
		A3EF5E292A0938CB0044C2A6 /* SkillsWispTests */ = {
			isa = PBXGroup;
			children = (
				A3EF5E2A2A0938CB0044C2A6 /* SkillsWispTests.swift */,
			);
			path = SkillsWispTests;
			sourceTree = "<group>";
		};
		A3EF5E332A0938CB0044C2A6 /* SkillsWispUITests */ = {
			isa = PBXGroup;
			children = (
				A3EF5E342A0938CB0044C2A6 /* SkillsWispUITests.swift */,
				A3EF5E362A0938CB0044C2A6 /* SkillsWispUITestsLaunchTests.swift */,
			);
			path = SkillsWispUITests;
			sourceTree = "<group>";
		};
		A3F8FF242A2B2DAE0080DD82 /* Views */ = {
			isa = PBXGroup;
			children = (
				A3A26D362A210857005C9B1C /* AboutUsView.swift */,
				A3A26D3A2A211065005C9B1C /* BookmarkView.swift */,
				A344C7D22A1902B100205657 /* CreateAccountView.swift */,
				A3A26D382A2108D0005C9B1C /* ContactUsView.swift */,
				A344C7D42A19161300205657 /* HomeView.swift */,
				A344C7CC2A18F19700205657 /* LoginView.swift */,
				A3A26D3C2A211A51005C9B1C /* ProfileView.swift */,
				A344C7D62A1A0B2500205657 /* StandardView.swift */,
				A3A26D3E2A2123B3005C9B1C /* NotesCommentsView.swift */,
				A3A011F82A361AC400F59BB6 /* NotesView.swift */,
				A3A011F62A36081C00F59BB6 /* ReviewsView.swift */,
				A34D1E4E2A4359230090C0DE /* RatingView.swift */,
				A38A79E32A0D365F0011CD8A /* SplashView.swift */,
				A3A26D2E2A1D140C005C9B1C /* SubjectView.swift */,
				A3A26D322A1E66D4005C9B1C /* SettingsView.swift */,
				A3A26D342A210707005C9B1C /* TermsConditionView.swift */,
				A38A7A2A2A17D5B80011CD8A /* WelcomeView.swift */,
				A3A4F5122A7FF03400873675 /* AccountSuccessView.swift */,
			);
			path = Views;
			sourceTree = "<group>";
		};
		A3F8FF272A2B2E5D0080DD82 /* Models */ = {
			isa = PBXGroup;
			children = (
				A31837CF2A5AB4710011810A /* StandardEntity+CoreDataClass.swift */,
				A31837D02A5AB4710011810A /* StandardEntity+CoreDataProperties.swift */,
				A31837D12A5AB4710011810A /* UsersEntity+CoreDataClass.swift */,
				A31837D22A5AB4710011810A /* UsersEntity+CoreDataProperties.swift */,
				A31837D32A5AB4710011810A /* SubjectEntity+CoreDataClass.swift */,
				A31837D42A5AB4710011810A /* SubjectEntity+CoreDataProperties.swift */,
				A31837D52A5AB4710011810A /* NotesEntity+CoreDataClass.swift */,
				A31837D62A5AB4710011810A /* NotesEntity+CoreDataProperties.swift */,
				A3945AD42A6C0378004E87F4 /* UserModel.swift */,
				A3945AD82A6C3417004E87F4 /* StandardModel.swift */,
				A3945ADA2A6D4C70004E87F4 /* SubjectModel.swift */,
				A3945ADC2A6D5D3A004E87F4 /* NoteModel.swift */,
				A3945AE22A742BFB004E87F4 /* ReviewModel.swift */,
				A3A4F50A2A7ABA9700873675 /* RatingModel.swift */,
				A3A4F50E2A7C00D300873675 /* LikeModel.swift */,
				A3A4F5102A7C03C800873675 /* BookmarkModel.swift */,
				A30117EE2A9146D200E34766 /* IdsModel.swift */,
			);
			path = Models;
			sourceTree = "<group>";
		};
/* End PBXGroup section */

/* Begin PBXNativeTarget section */
		A3EF5E102A0938C60044C2A6 /* SkillsWisp */ = {
			isa = PBXNativeTarget;
			buildConfigurationList = A3EF5E3A2A0938CB0044C2A6 /* Build configuration list for PBXNativeTarget "SkillsWisp" */;
			buildPhases = (
				A3EF5E0D2A0938C60044C2A6 /* Sources */,
				A3EF5E0E2A0938C60044C2A6 /* Frameworks */,
				A3EF5E0F2A0938C60044C2A6 /* Resources */,
			);
			buildRules = (
			);
			dependencies = (
			);
			name = SkillsWisp;
			packageProductDependencies = (
				A3931C9B2A6588F2009D5925 /* FirebaseAnalytics */,
				A3931C9D2A6588F2009D5925 /* FirebaseAnalyticsSwift */,
				A3931C9F2A6588F2009D5925 /* FirebaseAuth */,
				A3931CA12A6588F2009D5925 /* FirebaseAuthCombine-Community */,
				A3931CA32A6588F2009D5925 /* FirebaseCrashlytics */,
				A3931CA52A6588F2009D5925 /* FirebaseDatabase */,
				A3931CA72A6588F2009D5925 /* FirebaseDatabaseSwift */,
				A3931CA92A6588F2009D5925 /* FirebaseFirestore */,
				A3931CAB2A6588F2009D5925 /* FirebaseFirestoreCombine-Community */,
				A3931CAD2A6588F2009D5925 /* FirebaseFirestoreSwift */,
				A3931CAF2A6588F2009D5925 /* FirebaseStorage */,
				A3931CB12A6588F2009D5925 /* FirebaseStorageCombine-Community */,
			);
			productName = SkillsWisp;
			productReference = A3EF5E112A0938C60044C2A6 /* SkillsWisp.app */;
			productType = "com.apple.product-type.application";
		};
		A3EF5E252A0938CB0044C2A6 /* SkillsWispTests */ = {
			isa = PBXNativeTarget;
			buildConfigurationList = A3EF5E3D2A0938CB0044C2A6 /* Build configuration list for PBXNativeTarget "SkillsWispTests" */;
			buildPhases = (
				A3EF5E222A0938CB0044C2A6 /* Sources */,
				A3EF5E232A0938CB0044C2A6 /* Frameworks */,
				A3EF5E242A0938CB0044C2A6 /* Resources */,
			);
			buildRules = (
			);
			dependencies = (
				A3EF5E282A0938CB0044C2A6 /* PBXTargetDependency */,
			);
			name = SkillsWispTests;
			productName = SkillsWispTests;
			productReference = A3EF5E262A0938CB0044C2A6 /* SkillsWispTests.xctest */;
			productType = "com.apple.product-type.bundle.unit-test";
		};
		A3EF5E2F2A0938CB0044C2A6 /* SkillsWispUITests */ = {
			isa = PBXNativeTarget;
			buildConfigurationList = A3EF5E402A0938CB0044C2A6 /* Build configuration list for PBXNativeTarget "SkillsWispUITests" */;
			buildPhases = (
				A3EF5E2C2A0938CB0044C2A6 /* Sources */,
				A3EF5E2D2A0938CB0044C2A6 /* Frameworks */,
				A3EF5E2E2A0938CB0044C2A6 /* Resources */,
			);
			buildRules = (
			);
			dependencies = (
				A3EF5E322A0938CB0044C2A6 /* PBXTargetDependency */,
			);
			name = SkillsWispUITests;
			productName = SkillsWispUITests;
			productReference = A3EF5E302A0938CB0044C2A6 /* SkillsWispUITests.xctest */;
			productType = "com.apple.product-type.bundle.ui-testing";
		};
/* End PBXNativeTarget section */

/* Begin PBXProject section */
		A3EF5E092A0938C60044C2A6 /* Project object */ = {
			isa = PBXProject;
			attributes = {
				BuildIndependentTargetsInParallel = 1;
				LastSwiftUpdateCheck = 1420;
				LastUpgradeCheck = 1420;
				TargetAttributes = {
					A3EF5E102A0938C60044C2A6 = {
						CreatedOnToolsVersion = 14.2;
					};
					A3EF5E252A0938CB0044C2A6 = {
						CreatedOnToolsVersion = 14.2;
						TestTargetID = A3EF5E102A0938C60044C2A6;
					};
					A3EF5E2F2A0938CB0044C2A6 = {
						CreatedOnToolsVersion = 14.2;
						TestTargetID = A3EF5E102A0938C60044C2A6;
					};
				};
			};
			buildConfigurationList = A3EF5E0C2A0938C60044C2A6 /* Build configuration list for PBXProject "SkillsWisp" */;
			compatibilityVersion = "Xcode 14.0";
			developmentRegion = en;
			hasScannedForEncodings = 0;
			knownRegions = (
				en,
				Base,
			);
			mainGroup = A3EF5E082A0938C60044C2A6;
			packageReferences = (
				A3931C9A2A6588F2009D5925 /* XCRemoteSwiftPackageReference "firebase-ios-sdk" */,
			);
			productRefGroup = A3EF5E122A0938C60044C2A6 /* Products */;
			projectDirPath = "";
			projectRoot = "";
			targets = (
				A3EF5E102A0938C60044C2A6 /* SkillsWisp */,
				A3EF5E252A0938CB0044C2A6 /* SkillsWispTests */,
				A3EF5E2F2A0938CB0044C2A6 /* SkillsWispUITests */,
			);
		};
/* End PBXProject section */

/* Begin PBXResourcesBuildPhase section */
		A3EF5E0F2A0938C60044C2A6 /* Resources */ = {
			isa = PBXResourcesBuildPhase;
			buildActionMask = 2147483647;
			files = (
				A38A7A282A17D1550011CD8A /* Pacifico-Regular.ttf in Resources */,
				A3EF5E1C2A0938CA0044C2A6 /* Preview Assets.xcassets in Resources */,
				A3931C992A6586D4009D5925 /* GoogleService-Info.plist in Resources */,
				A3EF5E192A0938CA0044C2A6 /* Assets.xcassets in Resources */,
				A344C7CF2A18FE1F00205657 /* login_gif.gif in Resources */,
			);
			runOnlyForDeploymentPostprocessing = 0;
		};
		A3EF5E242A0938CB0044C2A6 /* Resources */ = {
			isa = PBXResourcesBuildPhase;
			buildActionMask = 2147483647;
			files = (
			);
			runOnlyForDeploymentPostprocessing = 0;
		};
		A3EF5E2E2A0938CB0044C2A6 /* Resources */ = {
			isa = PBXResourcesBuildPhase;
			buildActionMask = 2147483647;
			files = (
			);
			runOnlyForDeploymentPostprocessing = 0;
		};
/* End PBXResourcesBuildPhase section */

/* Begin PBXSourcesBuildPhase section */
		A3EF5E0D2A0938C60044C2A6 /* Sources */ = {
			isa = PBXSourcesBuildPhase;
			buildActionMask = 2147483647;
			files = (
				A34D1E4F2A4359230090C0DE /* RatingView.swift in Sources */,
				A3A26D332A1E66D4005C9B1C /* SettingsView.swift in Sources */,
				A3945AE12A72CCFF004E87F4 /* ReviewsViewModel.swift in Sources */,
				A3945ADF2A72C31B004E87F4 /* ReviewsDataService.swift in Sources */,
				A3A011F92A361AC400F59BB6 /* NotesView.swift in Sources */,
				A318373A2A51B5D00011810A /* HomeViewModel.swift in Sources */,
				A3A4F50B2A7ABA9700873675 /* RatingModel.swift in Sources */,
				A3A4F5132A7FF03400873675 /* AccountSuccessView.swift in Sources */,
				A31837DD2A5AB4710011810A /* NotesEntity+CoreDataClass.swift in Sources */,
				A3945ADD2A6D5D3B004E87F4 /* NoteModel.swift in Sources */,
				A3931CB42A658DFF009D5925 /* UserDataService.swift in Sources */,
				A3A26D372A210857005C9B1C /* AboutUsView.swift in Sources */,
				A34C200E2A89065B00FCFCF5 /* Coders.swift in Sources */,
				A31837D72A5AB4710011810A /* StandardEntity+CoreDataClass.swift in Sources */,
				A38A79E02A0A20780011CD8A /* TextBootcamp.swift in Sources */,
				A344C7D72A1A0B2500205657 /* StandardView.swift in Sources */,
				A3E4995A2A502C7E00CA4A8B /* SkillsWisp.xcdatamodeld in Sources */,
				A344C7D12A18FE7600205657 /* GifImage.swift in Sources */,
				A31837302A5045A00011810A /* LoginViewModel.swift in Sources */,
				A31837382A51A5A30011810A /* StandardViewModel.swift in Sources */,
				A38A79E42A0D36600011CD8A /* SplashView.swift in Sources */,
				A344C7D52A19161400205657 /* HomeView.swift in Sources */,
				A31837D92A5AB4710011810A /* UsersEntity+CoreDataClass.swift in Sources */,
				A31837742A59728A0011810A /* NotesViewModel.swift in Sources */,
				A3945AD72A6C2061004E87F4 /* HomeDataService.swift in Sources */,
				A31837DC2A5AB4710011810A /* SubjectEntity+CoreDataProperties.swift in Sources */,
				A3A26D3D2A211A52005C9B1C /* ProfileView.swift in Sources */,
				A3A26D3B2A211065005C9B1C /* BookmarkView.swift in Sources */,
				A3A011F72A36081D00F59BB6 /* ReviewsView.swift in Sources */,
				A31837DE2A5AB4710011810A /* NotesEntity+CoreDataProperties.swift in Sources */,
				A3945AE32A742BFC004E87F4 /* ReviewModel.swift in Sources */,
				A3EF5E1E2A0938CA0044C2A6 /* Persistence.swift in Sources */,
				A30117ED2A90E9E700E34766 /* BookmarkViewModel.swift in Sources */,
				A3A26D412A212C09005C9B1C /* OTPTextField.swift in Sources */,
				A38A7A2B2A17D5B80011CD8A /* WelcomeView.swift in Sources */,
				A3A26D352A210708005C9B1C /* TermsConditionView.swift in Sources */,
				A30117EF2A9146D200E34766 /* IdsModel.swift in Sources */,
				A31837DB2A5AB4710011810A /* SubjectEntity+CoreDataClass.swift in Sources */,
				A3945AE52A751898004E87F4 /* RatingViewModel.swift in Sources */,
				A344C7CD2A18F19700205657 /* LoginView.swift in Sources */,
				A31837362A507E000011810A /* ProfileViewModel.swift in Sources */,
				A31837342A504D340011810A /* CreateAccountViewModel.swift in Sources */,
				A3945AD92A6C3417004E87F4 /* StandardModel.swift in Sources */,
				A3A26D2F2A1D140C005C9B1C /* SubjectView.swift in Sources */,
				A38A79E22A0A26AE0011CD8A /* ShapesBootcamp.swift in Sources */,
				A3A4F50D2A7BFFBA00873675 /* NotesDataService.swift in Sources */,
				A3EF5E152A0938C60044C2A6 /* SkillsWispApp.swift in Sources */,
				A3A26D3F2A2123B3005C9B1C /* NotesCommentsView.swift in Sources */,
				A3945AD52A6C0378004E87F4 /* UserModel.swift in Sources */,
				A31837762A597C310011810A /* SubjectViewModel.swift in Sources */,
				A344C7D32A1902B100205657 /* CreateAccountView.swift in Sources */,
				A3A4F5112A7C03C800873675 /* BookmarkModel.swift in Sources */,
				A31837DA2A5AB4710011810A /* UsersEntity+CoreDataProperties.swift in Sources */,
				A3945ADB2A6D4C70004E87F4 /* SubjectModel.swift in Sources */,
				A34521E02A88DEFD00D2DD57 /* RemoteImage.swift in Sources */,
				A31837E02A5AD8340011810A /* ImagePicker.swift in Sources */,
				A3A26D392A2108D0005C9B1C /* ContactUsView.swift in Sources */,
				A3A4F50F2A7C00D300873675 /* LikeModel.swift in Sources */,
				A31837D82A5AB4710011810A /* StandardEntity+CoreDataProperties.swift in Sources */,
			);
			runOnlyForDeploymentPostprocessing = 0;
		};
		A3EF5E222A0938CB0044C2A6 /* Sources */ = {
			isa = PBXSourcesBuildPhase;
			buildActionMask = 2147483647;
			files = (
				A3EF5E2B2A0938CB0044C2A6 /* SkillsWispTests.swift in Sources */,
			);
			runOnlyForDeploymentPostprocessing = 0;
		};
		A3EF5E2C2A0938CB0044C2A6 /* Sources */ = {
			isa = PBXSourcesBuildPhase;
			buildActionMask = 2147483647;
			files = (
				A3EF5E352A0938CB0044C2A6 /* SkillsWispUITests.swift in Sources */,
				A3EF5E372A0938CB0044C2A6 /* SkillsWispUITestsLaunchTests.swift in Sources */,
			);
			runOnlyForDeploymentPostprocessing = 0;
		};
/* End PBXSourcesBuildPhase section */

/* Begin PBXTargetDependency section */
		A3EF5E282A0938CB0044C2A6 /* PBXTargetDependency */ = {
			isa = PBXTargetDependency;
			target = A3EF5E102A0938C60044C2A6 /* SkillsWisp */;
			targetProxy = A3EF5E272A0938CB0044C2A6 /* PBXContainerItemProxy */;
		};
		A3EF5E322A0938CB0044C2A6 /* PBXTargetDependency */ = {
			isa = PBXTargetDependency;
			target = A3EF5E102A0938C60044C2A6 /* SkillsWisp */;
			targetProxy = A3EF5E312A0938CB0044C2A6 /* PBXContainerItemProxy */;
		};
/* End PBXTargetDependency section */

/* Begin XCBuildConfiguration section */
		A3EF5E382A0938CB0044C2A6 /* Debug */ = {
			isa = XCBuildConfiguration;
			buildSettings = {
				ALWAYS_SEARCH_USER_PATHS = NO;
				CLANG_ANALYZER_NONNULL = YES;
				CLANG_ANALYZER_NUMBER_OBJECT_CONVERSION = YES_AGGRESSIVE;
				CLANG_CXX_LANGUAGE_STANDARD = "gnu++20";
				CLANG_ENABLE_MODULES = YES;
				CLANG_ENABLE_OBJC_ARC = YES;
				CLANG_ENABLE_OBJC_WEAK = YES;
				CLANG_WARN_BLOCK_CAPTURE_AUTORELEASING = YES;
				CLANG_WARN_BOOL_CONVERSION = YES;
				CLANG_WARN_COMMA = YES;
				CLANG_WARN_CONSTANT_CONVERSION = YES;
				CLANG_WARN_DEPRECATED_OBJC_IMPLEMENTATIONS = YES;
				CLANG_WARN_DIRECT_OBJC_ISA_USAGE = YES_ERROR;
				CLANG_WARN_DOCUMENTATION_COMMENTS = YES;
				CLANG_WARN_EMPTY_BODY = YES;
				CLANG_WARN_ENUM_CONVERSION = YES;
				CLANG_WARN_INFINITE_RECURSION = YES;
				CLANG_WARN_INT_CONVERSION = YES;
				CLANG_WARN_NON_LITERAL_NULL_CONVERSION = YES;
				CLANG_WARN_OBJC_IMPLICIT_RETAIN_SELF = YES;
				CLANG_WARN_OBJC_LITERAL_CONVERSION = YES;
				CLANG_WARN_OBJC_ROOT_CLASS = YES_ERROR;
				CLANG_WARN_QUOTED_INCLUDE_IN_FRAMEWORK_HEADER = YES;
				CLANG_WARN_RANGE_LOOP_ANALYSIS = YES;
				CLANG_WARN_STRICT_PROTOTYPES = YES;
				CLANG_WARN_SUSPICIOUS_MOVE = YES;
				CLANG_WARN_UNGUARDED_AVAILABILITY = YES_AGGRESSIVE;
				CLANG_WARN_UNREACHABLE_CODE = YES;
				CLANG_WARN__DUPLICATE_METHOD_MATCH = YES;
				COPY_PHASE_STRIP = NO;
				DEBUG_INFORMATION_FORMAT = dwarf;
				ENABLE_STRICT_OBJC_MSGSEND = YES;
				ENABLE_TESTABILITY = YES;
				GCC_C_LANGUAGE_STANDARD = gnu11;
				GCC_DYNAMIC_NO_PIC = NO;
				GCC_NO_COMMON_BLOCKS = YES;
				GCC_OPTIMIZATION_LEVEL = 0;
				GCC_PREPROCESSOR_DEFINITIONS = (
					"DEBUG=1",
					"$(inherited)",
				);
				GCC_WARN_64_TO_32_BIT_CONVERSION = YES;
				GCC_WARN_ABOUT_RETURN_TYPE = YES_ERROR;
				GCC_WARN_UNDECLARED_SELECTOR = YES;
				GCC_WARN_UNINITIALIZED_AUTOS = YES_AGGRESSIVE;
				GCC_WARN_UNUSED_FUNCTION = YES;
				GCC_WARN_UNUSED_VARIABLE = YES;
				IPHONEOS_DEPLOYMENT_TARGET = 16.2;
				MTL_ENABLE_DEBUG_INFO = INCLUDE_SOURCE;
				MTL_FAST_MATH = YES;
				ONLY_ACTIVE_ARCH = YES;
				SDKROOT = iphoneos;
				SWIFT_ACTIVE_COMPILATION_CONDITIONS = DEBUG;
				SWIFT_OPTIMIZATION_LEVEL = "-Onone";
			};
			name = Debug;
		};
		A3EF5E392A0938CB0044C2A6 /* Release */ = {
			isa = XCBuildConfiguration;
			buildSettings = {
				ALWAYS_SEARCH_USER_PATHS = NO;
				CLANG_ANALYZER_NONNULL = YES;
				CLANG_ANALYZER_NUMBER_OBJECT_CONVERSION = YES_AGGRESSIVE;
				CLANG_CXX_LANGUAGE_STANDARD = "gnu++20";
				CLANG_ENABLE_MODULES = YES;
				CLANG_ENABLE_OBJC_ARC = YES;
				CLANG_ENABLE_OBJC_WEAK = YES;
				CLANG_WARN_BLOCK_CAPTURE_AUTORELEASING = YES;
				CLANG_WARN_BOOL_CONVERSION = YES;
				CLANG_WARN_COMMA = YES;
				CLANG_WARN_CONSTANT_CONVERSION = YES;
				CLANG_WARN_DEPRECATED_OBJC_IMPLEMENTATIONS = YES;
				CLANG_WARN_DIRECT_OBJC_ISA_USAGE = YES_ERROR;
				CLANG_WARN_DOCUMENTATION_COMMENTS = YES;
				CLANG_WARN_EMPTY_BODY = YES;
				CLANG_WARN_ENUM_CONVERSION = YES;
				CLANG_WARN_INFINITE_RECURSION = YES;
				CLANG_WARN_INT_CONVERSION = YES;
				CLANG_WARN_NON_LITERAL_NULL_CONVERSION = YES;
				CLANG_WARN_OBJC_IMPLICIT_RETAIN_SELF = YES;
				CLANG_WARN_OBJC_LITERAL_CONVERSION = YES;
				CLANG_WARN_OBJC_ROOT_CLASS = YES_ERROR;
				CLANG_WARN_QUOTED_INCLUDE_IN_FRAMEWORK_HEADER = YES;
				CLANG_WARN_RANGE_LOOP_ANALYSIS = YES;
				CLANG_WARN_STRICT_PROTOTYPES = YES;
				CLANG_WARN_SUSPICIOUS_MOVE = YES;
				CLANG_WARN_UNGUARDED_AVAILABILITY = YES_AGGRESSIVE;
				CLANG_WARN_UNREACHABLE_CODE = YES;
				CLANG_WARN__DUPLICATE_METHOD_MATCH = YES;
				COPY_PHASE_STRIP = NO;
				DEBUG_INFORMATION_FORMAT = "dwarf-with-dsym";
				ENABLE_NS_ASSERTIONS = NO;
				ENABLE_STRICT_OBJC_MSGSEND = YES;
				GCC_C_LANGUAGE_STANDARD = gnu11;
				GCC_NO_COMMON_BLOCKS = YES;
				GCC_WARN_64_TO_32_BIT_CONVERSION = YES;
				GCC_WARN_ABOUT_RETURN_TYPE = YES_ERROR;
				GCC_WARN_UNDECLARED_SELECTOR = YES;
				GCC_WARN_UNINITIALIZED_AUTOS = YES_AGGRESSIVE;
				GCC_WARN_UNUSED_FUNCTION = YES;
				GCC_WARN_UNUSED_VARIABLE = YES;
				IPHONEOS_DEPLOYMENT_TARGET = 16.2;
				MTL_ENABLE_DEBUG_INFO = NO;
				MTL_FAST_MATH = YES;
				SDKROOT = iphoneos;
				SWIFT_COMPILATION_MODE = wholemodule;
				SWIFT_OPTIMIZATION_LEVEL = "-O";
				VALIDATE_PRODUCT = YES;
			};
			name = Release;
		};
		A3EF5E3B2A0938CB0044C2A6 /* Debug */ = {
			isa = XCBuildConfiguration;
			buildSettings = {
				ASSETCATALOG_COMPILER_APPICON_NAME = AppIcon;
				ASSETCATALOG_COMPILER_GLOBAL_ACCENT_COLOR_NAME = AccentColor;
				CODE_SIGN_STYLE = Automatic;
				CURRENT_PROJECT_VERSION = 1;
				DEVELOPMENT_ASSET_PATHS = "\"SkillsWisp/Preview Content\"";
				DEVELOPMENT_TEAM = 89DU5P4MFU;
				ENABLE_PREVIEWS = YES;
				GENERATE_INFOPLIST_FILE = YES;
				INFOPLIST_FILE = SkillsWisp/Info.plist;
				INFOPLIST_KEY_CFBundleDisplayName = "Skills Wisp";
				INFOPLIST_KEY_UIApplicationSceneManifest_Generation = YES;
				INFOPLIST_KEY_UIApplicationSupportsIndirectInputEvents = YES;
				INFOPLIST_KEY_UILaunchScreen_Generation = YES;
				INFOPLIST_KEY_UISupportedInterfaceOrientations = UIInterfaceOrientationPortrait;
				INFOPLIST_KEY_UISupportedInterfaceOrientations_iPad = "UIInterfaceOrientationLandscapeLeft UIInterfaceOrientationLandscapeRight UIInterfaceOrientationPortrait UIInterfaceOrientationPortraitUpsideDown";
				IPHONEOS_DEPLOYMENT_TARGET = 14.0;
				LD_RUNPATH_SEARCH_PATHS = (
					"$(inherited)",
					"@executable_path/Frameworks",
				);
				MARKETING_VERSION = 1.0.0;
				PRODUCT_BUNDLE_IDENTIFIER = com.xyron.skillswisp.SkillsWisp;
				PRODUCT_NAME = "$(TARGET_NAME)";
				SUPPORTED_PLATFORMS = "iphoneos iphonesimulator";
				SUPPORTS_MACCATALYST = NO;
				SUPPORTS_MAC_DESIGNED_FOR_IPHONE_IPAD = NO;
				SWIFT_EMIT_LOC_STRINGS = YES;
				SWIFT_VERSION = 5.0;
				TARGETED_DEVICE_FAMILY = "1,2";
			};
			name = Debug;
		};
		A3EF5E3C2A0938CB0044C2A6 /* Release */ = {
			isa = XCBuildConfiguration;
			buildSettings = {
				ASSETCATALOG_COMPILER_APPICON_NAME = AppIcon;
				ASSETCATALOG_COMPILER_GLOBAL_ACCENT_COLOR_NAME = AccentColor;
				CODE_SIGN_STYLE = Automatic;
				CURRENT_PROJECT_VERSION = 1;
				DEVELOPMENT_ASSET_PATHS = "\"SkillsWisp/Preview Content\"";
				DEVELOPMENT_TEAM = 89DU5P4MFU;
				ENABLE_PREVIEWS = YES;
				GENERATE_INFOPLIST_FILE = YES;
				INFOPLIST_FILE = SkillsWisp/Info.plist;
				INFOPLIST_KEY_CFBundleDisplayName = "Skills Wisp";
				INFOPLIST_KEY_UIApplicationSceneManifest_Generation = YES;
				INFOPLIST_KEY_UIApplicationSupportsIndirectInputEvents = YES;
				INFOPLIST_KEY_UILaunchScreen_Generation = YES;
				INFOPLIST_KEY_UISupportedInterfaceOrientations = UIInterfaceOrientationPortrait;
				INFOPLIST_KEY_UISupportedInterfaceOrientations_iPad = "UIInterfaceOrientationLandscapeLeft UIInterfaceOrientationLandscapeRight UIInterfaceOrientationPortrait UIInterfaceOrientationPortraitUpsideDown";
				IPHONEOS_DEPLOYMENT_TARGET = 14.0;
				LD_RUNPATH_SEARCH_PATHS = (
					"$(inherited)",
					"@executable_path/Frameworks",
				);
				MARKETING_VERSION = 1.0.0;
				PRODUCT_BUNDLE_IDENTIFIER = com.xyron.skillswisp.SkillsWisp;
				PRODUCT_NAME = "$(TARGET_NAME)";
				SUPPORTED_PLATFORMS = "iphoneos iphonesimulator";
				SUPPORTS_MACCATALYST = NO;
				SUPPORTS_MAC_DESIGNED_FOR_IPHONE_IPAD = NO;
				SWIFT_EMIT_LOC_STRINGS = YES;
				SWIFT_VERSION = 5.0;
				TARGETED_DEVICE_FAMILY = "1,2";
			};
			name = Release;
		};
		A3EF5E3E2A0938CB0044C2A6 /* Debug */ = {
			isa = XCBuildConfiguration;
			buildSettings = {
				ALWAYS_EMBED_SWIFT_STANDARD_LIBRARIES = YES;
				BUNDLE_LOADER = "$(TEST_HOST)";
				CODE_SIGN_STYLE = Automatic;
				CURRENT_PROJECT_VERSION = 1;
				GENERATE_INFOPLIST_FILE = YES;
				IPHONEOS_DEPLOYMENT_TARGET = 16.2;
				MARKETING_VERSION = 1.0;
				PRODUCT_BUNDLE_IDENTIFIER = com.xyron.skillswisp.SkillsWispTests;
				PRODUCT_NAME = "$(TARGET_NAME)";
				SWIFT_EMIT_LOC_STRINGS = NO;
				SWIFT_VERSION = 5.0;
				TARGETED_DEVICE_FAMILY = "1,2";
				TEST_HOST = "$(BUILT_PRODUCTS_DIR)/SkillsWisp.app/$(BUNDLE_EXECUTABLE_FOLDER_PATH)/SkillsWisp";
			};
			name = Debug;
		};
		A3EF5E3F2A0938CB0044C2A6 /* Release */ = {
			isa = XCBuildConfiguration;
			buildSettings = {
				ALWAYS_EMBED_SWIFT_STANDARD_LIBRARIES = YES;
				BUNDLE_LOADER = "$(TEST_HOST)";
				CODE_SIGN_STYLE = Automatic;
				CURRENT_PROJECT_VERSION = 1;
				GENERATE_INFOPLIST_FILE = YES;
				IPHONEOS_DEPLOYMENT_TARGET = 16.2;
				MARKETING_VERSION = 1.0;
				PRODUCT_BUNDLE_IDENTIFIER = com.xyron.skillswisp.SkillsWispTests;
				PRODUCT_NAME = "$(TARGET_NAME)";
				SWIFT_EMIT_LOC_STRINGS = NO;
				SWIFT_VERSION = 5.0;
				TARGETED_DEVICE_FAMILY = "1,2";
				TEST_HOST = "$(BUILT_PRODUCTS_DIR)/SkillsWisp.app/$(BUNDLE_EXECUTABLE_FOLDER_PATH)/SkillsWisp";
			};
			name = Release;
		};
		A3EF5E412A0938CB0044C2A6 /* Debug */ = {
			isa = XCBuildConfiguration;
			buildSettings = {
				ALWAYS_EMBED_SWIFT_STANDARD_LIBRARIES = YES;
				CODE_SIGN_STYLE = Automatic;
				CURRENT_PROJECT_VERSION = 1;
				GENERATE_INFOPLIST_FILE = YES;
				MARKETING_VERSION = 1.0;
				PRODUCT_BUNDLE_IDENTIFIER = com.xyron.skillswisp.SkillsWispUITests;
				PRODUCT_NAME = "$(TARGET_NAME)";
				SWIFT_EMIT_LOC_STRINGS = NO;
				SWIFT_VERSION = 5.0;
				TARGETED_DEVICE_FAMILY = "1,2";
				TEST_TARGET_NAME = SkillsWisp;
			};
			name = Debug;
		};
		A3EF5E422A0938CB0044C2A6 /* Release */ = {
			isa = XCBuildConfiguration;
			buildSettings = {
				ALWAYS_EMBED_SWIFT_STANDARD_LIBRARIES = YES;
				CODE_SIGN_STYLE = Automatic;
				CURRENT_PROJECT_VERSION = 1;
				GENERATE_INFOPLIST_FILE = YES;
				MARKETING_VERSION = 1.0;
				PRODUCT_BUNDLE_IDENTIFIER = com.xyron.skillswisp.SkillsWispUITests;
				PRODUCT_NAME = "$(TARGET_NAME)";
				SWIFT_EMIT_LOC_STRINGS = NO;
				SWIFT_VERSION = 5.0;
				TARGETED_DEVICE_FAMILY = "1,2";
				TEST_TARGET_NAME = SkillsWisp;
			};
			name = Release;
		};
/* End XCBuildConfiguration section */

/* Begin XCConfigurationList section */
		A3EF5E0C2A0938C60044C2A6 /* Build configuration list for PBXProject "SkillsWisp" */ = {
			isa = XCConfigurationList;
			buildConfigurations = (
				A3EF5E382A0938CB0044C2A6 /* Debug */,
				A3EF5E392A0938CB0044C2A6 /* Release */,
			);
			defaultConfigurationIsVisible = 0;
			defaultConfigurationName = Release;
		};
		A3EF5E3A2A0938CB0044C2A6 /* Build configuration list for PBXNativeTarget "SkillsWisp" */ = {
			isa = XCConfigurationList;
			buildConfigurations = (
				A3EF5E3B2A0938CB0044C2A6 /* Debug */,
				A3EF5E3C2A0938CB0044C2A6 /* Release */,
			);
			defaultConfigurationIsVisible = 0;
			defaultConfigurationName = Release;
		};
		A3EF5E3D2A0938CB0044C2A6 /* Build configuration list for PBXNativeTarget "SkillsWispTests" */ = {
			isa = XCConfigurationList;
			buildConfigurations = (
				A3EF5E3E2A0938CB0044C2A6 /* Debug */,
				A3EF5E3F2A0938CB0044C2A6 /* Release */,
			);
			defaultConfigurationIsVisible = 0;
			defaultConfigurationName = Release;
		};
		A3EF5E402A0938CB0044C2A6 /* Build configuration list for PBXNativeTarget "SkillsWispUITests" */ = {
			isa = XCConfigurationList;
			buildConfigurations = (
				A3EF5E412A0938CB0044C2A6 /* Debug */,
				A3EF5E422A0938CB0044C2A6 /* Release */,
			);
			defaultConfigurationIsVisible = 0;
			defaultConfigurationName = Release;
		};
/* End XCConfigurationList section */

/* Begin XCRemoteSwiftPackageReference section */
		A3931C9A2A6588F2009D5925 /* XCRemoteSwiftPackageReference "firebase-ios-sdk" */ = {
			isa = XCRemoteSwiftPackageReference;
			repositoryURL = "https://github.com/firebase/firebase-ios-sdk";
			requirement = {
				kind = upToNextMajorVersion;
				minimumVersion = 10.0.0;
			};
		};
/* End XCRemoteSwiftPackageReference section */

/* Begin XCSwiftPackageProductDependency section */
		A3931C9B2A6588F2009D5925 /* FirebaseAnalytics */ = {
			isa = XCSwiftPackageProductDependency;
			package = A3931C9A2A6588F2009D5925 /* XCRemoteSwiftPackageReference "firebase-ios-sdk" */;
			productName = FirebaseAnalytics;
		};
		A3931C9D2A6588F2009D5925 /* FirebaseAnalyticsSwift */ = {
			isa = XCSwiftPackageProductDependency;
			package = A3931C9A2A6588F2009D5925 /* XCRemoteSwiftPackageReference "firebase-ios-sdk" */;
			productName = FirebaseAnalyticsSwift;
		};
		A3931C9F2A6588F2009D5925 /* FirebaseAuth */ = {
			isa = XCSwiftPackageProductDependency;
			package = A3931C9A2A6588F2009D5925 /* XCRemoteSwiftPackageReference "firebase-ios-sdk" */;
			productName = FirebaseAuth;
		};
		A3931CA12A6588F2009D5925 /* FirebaseAuthCombine-Community */ = {
			isa = XCSwiftPackageProductDependency;
			package = A3931C9A2A6588F2009D5925 /* XCRemoteSwiftPackageReference "firebase-ios-sdk" */;
			productName = "FirebaseAuthCombine-Community";
		};
		A3931CA32A6588F2009D5925 /* FirebaseCrashlytics */ = {
			isa = XCSwiftPackageProductDependency;
			package = A3931C9A2A6588F2009D5925 /* XCRemoteSwiftPackageReference "firebase-ios-sdk" */;
			productName = FirebaseCrashlytics;
		};
		A3931CA52A6588F2009D5925 /* FirebaseDatabase */ = {
			isa = XCSwiftPackageProductDependency;
			package = A3931C9A2A6588F2009D5925 /* XCRemoteSwiftPackageReference "firebase-ios-sdk" */;
			productName = FirebaseDatabase;
		};
		A3931CA72A6588F2009D5925 /* FirebaseDatabaseSwift */ = {
			isa = XCSwiftPackageProductDependency;
			package = A3931C9A2A6588F2009D5925 /* XCRemoteSwiftPackageReference "firebase-ios-sdk" */;
			productName = FirebaseDatabaseSwift;
		};
		A3931CA92A6588F2009D5925 /* FirebaseFirestore */ = {
			isa = XCSwiftPackageProductDependency;
			package = A3931C9A2A6588F2009D5925 /* XCRemoteSwiftPackageReference "firebase-ios-sdk" */;
			productName = FirebaseFirestore;
		};
		A3931CAB2A6588F2009D5925 /* FirebaseFirestoreCombine-Community */ = {
			isa = XCSwiftPackageProductDependency;
			package = A3931C9A2A6588F2009D5925 /* XCRemoteSwiftPackageReference "firebase-ios-sdk" */;
			productName = "FirebaseFirestoreCombine-Community";
		};
		A3931CAD2A6588F2009D5925 /* FirebaseFirestoreSwift */ = {
			isa = XCSwiftPackageProductDependency;
			package = A3931C9A2A6588F2009D5925 /* XCRemoteSwiftPackageReference "firebase-ios-sdk" */;
			productName = FirebaseFirestoreSwift;
		};
		A3931CAF2A6588F2009D5925 /* FirebaseStorage */ = {
			isa = XCSwiftPackageProductDependency;
			package = A3931C9A2A6588F2009D5925 /* XCRemoteSwiftPackageReference "firebase-ios-sdk" */;
			productName = FirebaseStorage;
		};
		A3931CB12A6588F2009D5925 /* FirebaseStorageCombine-Community */ = {
			isa = XCSwiftPackageProductDependency;
			package = A3931C9A2A6588F2009D5925 /* XCRemoteSwiftPackageReference "firebase-ios-sdk" */;
			productName = "FirebaseStorageCombine-Community";
		};
/* End XCSwiftPackageProductDependency section */

/* Begin XCVersionGroup section */
		A3E499582A502C7E00CA4A8B /* SkillsWisp.xcdatamodeld */ = {
			isa = XCVersionGroup;
			children = (
				A3E499592A502C7E00CA4A8B /* SkillsWisp.xcdatamodel */,
			);
			currentVersion = A3E499592A502C7E00CA4A8B /* SkillsWisp.xcdatamodel */;
			path = SkillsWisp.xcdatamodeld;
			sourceTree = "<group>";
			versionGroupType = wrapper.xcdatamodel;
		};
/* End XCVersionGroup section */
	};
	rootObject = A3EF5E092A0938C60044C2A6 /* Project object */;
}
